
Microsoft Visual Studio Solution File, Format Version 12.00
# Visual Studio 14
VisualStudioVersion = 14.0.25420.1
MinimumVisualStudioVersion = 10.0.40219.1
Project("{E24C65DC-7377-472B-9ABA-BC803B73C61A}") = "Angular2-Webpack", ".", "{46561FD2-F083-4316-ABB8-F12F6A522E0C}"
	ProjectSection(WebsiteProperties) = preProject
		TargetFrameworkMoniker = ".NETFramework,Version%3Dv4.0"
		Debug.AspNetCompiler.VirtualPath = "/localhost_1305"
		Debug.AspNetCompiler.PhysicalPath = "..\Angular2-Webpack\"
		Debug.AspNetCompiler.TargetPath = "PrecompiledWeb\localhost_1305\"
		Debug.AspNetCompiler.Updateable = "true"
		Debug.AspNetCompiler.ForceOverwrite = "true"
		Debug.AspNetCompiler.FixedNames = "false"
		Debug.AspNetCompiler.Debug = "True"
		Release.AspNetCompiler.VirtualPath = "/localhost_1305"
		Release.AspNetCompiler.PhysicalPath = "..\Angular2-Webpack\"
		Release.AspNetCompiler.TargetPath = "PrecompiledWeb\localhost_1305\"
		Release.AspNetCompiler.Updateable = "true"
		Release.AspNetCompiler.ForceOverwrite = "true"
		Release.AspNetCompiler.FixedNames = "false"
		Release.AspNetCompiler.Debug = "False"
		VWDPort = "1305"
		SlnRelativePath = "..\Angular2-Webpack\"
	EndProjectSection
EndProject
Global
	GlobalSection(SolutionConfigurationPlatforms) = preSolution
		Debug|Any CPU = Debug|Any CPU
	EndGlobalSection
	GlobalSection(ProjectConfigurationPlatforms) = postSolution
		{46561FD2-F083-4316-ABB8-F12F6A522E0C}.Debug|Any CPU.ActiveCfg = Debug|Any CPU
		{46561FD2-F083-4316-ABB8-F12F6A522E0C}.Debug|Any CPU.Build.0 = Debug|Any CPU
	EndGlobalSection
	GlobalSection(SolutionProperties) = preSolution
		HideSolutionNode = FALSE
	EndGlobalSection
EndGlobal
